
Microsoft Visual Studio Solution File, Format Version 12.00
# Visual Studio Version 17
VisualStudioVersion = 17.10.35027.167
MinimumVisualStudioVersion = 10.0.40219.1
Project("{FAE04EC0-301F-11D3-BF4B-00C04F79EFBC}") = "MobileCarApp", "MobileCarApp\MobileCarApp.csproj", "{371A317E-C388-4A4F-8126-74A818A05B4E}"
EndProject
Global
	GlobalSection(SolutionConfigurationPlatforms) = preSolution
		Debug|Any CPU = Debug|Any CPU
		Release|Any CPU = Release|Any CPU
	EndGlobalSection
	GlobalSection(ProjectConfigurationPlatforms) = postSolution
		{371A317E-C388-4A4F-8126-74A818A05B4E}.Debug|Any CPU.ActiveCfg = Debug|Any CPU
		{371A317E-C388-4A4F-8126-74A818A05B4E}.Debug|Any CPU.Build.0 = Debug|Any CPU
		{371A317E-C388-4A4F-8126-74A818A05B4E}.Debug|Any CPU.Deploy.0 = Debug|Any CPU
		{371A317E-C388-4A4F-8126-74A818A05B4E}.Release|Any CPU.ActiveCfg = Release|Any CPU
		{371A317E-C388-4A4F-8126-74A818A05B4E}.Release|Any CPU.Build.0 = Release|Any CPU
		{371A317E-C388-4A4F-8126-74A818A05B4E}.Release|Any CPU.Deploy.0 = Release|Any CPU
	EndGlobalSection
	GlobalSection(SolutionProperties) = preSolution
		HideSolutionNode = FALSE
	EndGlobalSection
	GlobalSection(ExtensibilityGlobals) = postSolution
		SolutionGuid = {4D296AA4-2321-4947-8DC8-A0AA1DD43DF2}
	EndGlobalSection
EndGlobal
